
Microsoft Visual Studio Solution File, Format Version 12.00
# Visual Studio 2013
VisualStudioVersion = 12.0.30110.0
MinimumVisualStudioVersion = 10.0.40219.1
Project("{FAE04EC0-301F-11D3-BF4B-00C04F79EFBC}") = "POUM.Web", "POUM.Web\POUM.Web.csproj", "{90901788-97ED-4147-A0E8-2AE683E2D620}"
EndProject
Project("{FAE04EC0-301F-11D3-BF4B-00C04F79EFBC}") = "POUM.Web.Tests", "POUM.Web.Tests\POUM.Web.Tests.csproj", "{3DA6F467-5799-406A-84CD-B64E69E25FD3}"
EndProject
Project("{2150E333-8FDC-42A3-9474-1A3956D46DE8}") = "Presentation", "Presentation", "{6477C280-6EB3-4A43-9D35-23C2E5E41B70}"
EndProject
Project("{2150E333-8FDC-42A3-9474-1A3956D46DE8}") = "UnitTests", "UnitTests", "{A228EFF1-EE20-4860-985D-4C1E50ECF39F}"
EndProject
Project("{2150E333-8FDC-42A3-9474-1A3956D46DE8}") = "BusinessLogicLayer", "BusinessLogicLayer", "{BD9A9C26-C400-4DF8-A4A9-1B1EF01A2E99}"
EndProject
Project("{2150E333-8FDC-42A3-9474-1A3956D46DE8}") = "DataAccessLayer", "DataAccessLayer", "{1AB14BCB-57E0-4475-BE2A-4DA0DDECA059}"
EndProject
Project("{2150E333-8FDC-42A3-9474-1A3956D46DE8}") = "Entity", "Entity", "{F4B25A25-37AD-4DB9-A299-5BF15C7A3D41}"
EndProject
Project("{FAE04EC0-301F-11D3-BF4B-00C04F79EFBC}") = "POUM.DataLayer", "POUM.DataLayer\POUM.DataLayer.csproj", "{98181EA7-4A39-419A-A1A3-D50C86D0944A}"
EndProject
Project("{FAE04EC0-301F-11D3-BF4B-00C04F79EFBC}") = "POUM.Entity", "POUM.Entity\POUM.Entity.csproj", "{FC1D0EB2-7DDB-4A7D-A58F-746F6758B314}"
EndProject
Project("{FAE04EC0-301F-11D3-BF4B-00C04F79EFBC}") = "POUM.Service", "POUM.Service\POUM.Service.csproj", "{CE36BE23-2642-43AD-9EC6-7BA652280D22}"
EndProject
Global
	GlobalSection(SolutionConfigurationPlatforms) = preSolution
		Debug|Any CPU = Debug|Any CPU
		Release|Any CPU = Release|Any CPU
	EndGlobalSection
	GlobalSection(ProjectConfigurationPlatforms) = postSolution
		{90901788-97ED-4147-A0E8-2AE683E2D620}.Debug|Any CPU.ActiveCfg = Debug|Any CPU
		{90901788-97ED-4147-A0E8-2AE683E2D620}.Debug|Any CPU.Build.0 = Debug|Any CPU
		{90901788-97ED-4147-A0E8-2AE683E2D620}.Release|Any CPU.ActiveCfg = Release|Any CPU
		{90901788-97ED-4147-A0E8-2AE683E2D620}.Release|Any CPU.Build.0 = Release|Any CPU
		{3DA6F467-5799-406A-84CD-B64E69E25FD3}.Debug|Any CPU.ActiveCfg = Debug|Any CPU
		{3DA6F467-5799-406A-84CD-B64E69E25FD3}.Debug|Any CPU.Build.0 = Debug|Any CPU
		{3DA6F467-5799-406A-84CD-B64E69E25FD3}.Release|Any CPU.ActiveCfg = Release|Any CPU
		{3DA6F467-5799-406A-84CD-B64E69E25FD3}.Release|Any CPU.Build.0 = Release|Any CPU
		{98181EA7-4A39-419A-A1A3-D50C86D0944A}.Debug|Any CPU.ActiveCfg = Debug|Any CPU
		{98181EA7-4A39-419A-A1A3-D50C86D0944A}.Debug|Any CPU.Build.0 = Debug|Any CPU
		{98181EA7-4A39-419A-A1A3-D50C86D0944A}.Release|Any CPU.ActiveCfg = Release|Any CPU
		{98181EA7-4A39-419A-A1A3-D50C86D0944A}.Release|Any CPU.Build.0 = Release|Any CPU
		{FC1D0EB2-7DDB-4A7D-A58F-746F6758B314}.Debug|Any CPU.ActiveCfg = Debug|Any CPU
		{FC1D0EB2-7DDB-4A7D-A58F-746F6758B314}.Debug|Any CPU.Build.0 = Debug|Any CPU
		{FC1D0EB2-7DDB-4A7D-A58F-746F6758B314}.Release|Any CPU.ActiveCfg = Release|Any CPU
		{FC1D0EB2-7DDB-4A7D-A58F-746F6758B314}.Release|Any CPU.Build.0 = Release|Any CPU
		{CE36BE23-2642-43AD-9EC6-7BA652280D22}.Debug|Any CPU.ActiveCfg = Debug|Any CPU
		{CE36BE23-2642-43AD-9EC6-7BA652280D22}.Debug|Any CPU.Build.0 = Debug|Any CPU
		{CE36BE23-2642-43AD-9EC6-7BA652280D22}.Release|Any CPU.ActiveCfg = Release|Any CPU
		{CE36BE23-2642-43AD-9EC6-7BA652280D22}.Release|Any CPU.Build.0 = Release|Any CPU
	EndGlobalSection
	GlobalSection(SolutionProperties) = preSolution
		HideSolutionNode = FALSE
	EndGlobalSection
	GlobalSection(NestedProjects) = preSolution
		{90901788-97ED-4147-A0E8-2AE683E2D620} = {6477C280-6EB3-4A43-9D35-23C2E5E41B70}
		{3DA6F467-5799-406A-84CD-B64E69E25FD3} = {A228EFF1-EE20-4860-985D-4C1E50ECF39F}
		{CE36BE23-2642-43AD-9EC6-7BA652280D22} = {BD9A9C26-C400-4DF8-A4A9-1B1EF01A2E99}
		{98181EA7-4A39-419A-A1A3-D50C86D0944A} = {1AB14BCB-57E0-4475-BE2A-4DA0DDECA059}
		{FC1D0EB2-7DDB-4A7D-A58F-746F6758B314} = {F4B25A25-37AD-4DB9-A299-5BF15C7A3D41}
	EndGlobalSection
EndGlobal
